
Microsoft Visual Studio Solution File, Format Version 12.00
# Visual Studio Version 16
VisualStudioVersion = 16.0.29613.14
MinimumVisualStudioVersion = 10.0.40219.1
Project("{FAE04EC0-301F-11D3-BF4B-00C04F79EFBC}") = "SearchChallenge.App", "SearchChallenge.app\SearchChallenge.App.csproj", "{CCB63246-8E3E-4980-826D-23820EF51A84}"
EndProject
Project("{FAE04EC0-301F-11D3-BF4B-00C04F79EFBC}") = "SearchChallenge.Logic", "SearchChallenge.logic\SearchChallenge.Logic.csproj", "{49F5E7CB-C4B0-4B80-AFF1-4B71B4B8C41C}"
EndProject
Project("{FAE04EC0-301F-11D3-BF4B-00C04F79EFBC}") = "SearchChallenge.Engine", "SearchChallenge.engine\SearchChallenge.Engine.csproj", "{CDDF68E2-E438-419A-9E71-FE70D2FA4228}"
EndProject
Global
	GlobalSection(SolutionConfigurationPlatforms) = preSolution
		Debug|Any CPU = Debug|Any CPU
		Release|Any CPU = Release|Any CPU
	EndGlobalSection
	GlobalSection(ProjectConfigurationPlatforms) = postSolution
		{CCB63246-8E3E-4980-826D-23820EF51A84}.Debug|Any CPU.ActiveCfg = Debug|Any CPU
		{CCB63246-8E3E-4980-826D-23820EF51A84}.Debug|Any CPU.Build.0 = Debug|Any CPU
		{CCB63246-8E3E-4980-826D-23820EF51A84}.Release|Any CPU.ActiveCfg = Release|Any CPU
		{CCB63246-8E3E-4980-826D-23820EF51A84}.Release|Any CPU.Build.0 = Release|Any CPU
		{49F5E7CB-C4B0-4B80-AFF1-4B71B4B8C41C}.Debug|Any CPU.ActiveCfg = Debug|Any CPU
		{49F5E7CB-C4B0-4B80-AFF1-4B71B4B8C41C}.Debug|Any CPU.Build.0 = Debug|Any CPU
		{49F5E7CB-C4B0-4B80-AFF1-4B71B4B8C41C}.Release|Any CPU.ActiveCfg = Release|Any CPU
		{49F5E7CB-C4B0-4B80-AFF1-4B71B4B8C41C}.Release|Any CPU.Build.0 = Release|Any CPU
		{CDDF68E2-E438-419A-9E71-FE70D2FA4228}.Debug|Any CPU.ActiveCfg = Debug|Any CPU
		{CDDF68E2-E438-419A-9E71-FE70D2FA4228}.Debug|Any CPU.Build.0 = Debug|Any CPU
		{CDDF68E2-E438-419A-9E71-FE70D2FA4228}.Release|Any CPU.ActiveCfg = Release|Any CPU
		{CDDF68E2-E438-419A-9E71-FE70D2FA4228}.Release|Any CPU.Build.0 = Release|Any CPU
	EndGlobalSection
	GlobalSection(SolutionProperties) = preSolution
		HideSolutionNode = FALSE
	EndGlobalSection
	GlobalSection(ExtensibilityGlobals) = postSolution
		SolutionGuid = {D4FA5279-45E9-4D7D-B2F8-EBEBEBEC6F55}
	EndGlobalSection
EndGlobal
